
Microsoft Visual Studio Solution File, Format Version 12.00
# Visual Studio 2012
Project("{8BC9CEB8-8B4A-11D0-8D11-00A0C91BC942}") = "Launcher", "src\Launcher\Launcher.vcxproj", "{04EF8D93-523D-4270-85CB-9E341A453825}"
EndProject
Project("{8BC9CEB8-8B4A-11D0-8D11-00A0C91BC942}") = "Bootstrapper", "src\Bootstrapper\Bootstrapper.vcxproj", "{25750B19-1BF6-476E-887F-1E27464F1183}"
EndProject
Global
	GlobalSection(SolutionConfigurationPlatforms) = preSolution
		Debug|Win32 = Debug|Win32
		Release|Win32 = Release|Win32
	EndGlobalSection
	GlobalSection(ProjectConfigurationPlatforms) = postSolution
		{04EF8D93-523D-4270-85CB-9E341A453825}.Debug|Win32.ActiveCfg = Debug|Win32
		{04EF8D93-523D-4270-85CB-9E341A453825}.Debug|Win32.Build.0 = Debug|Win32
		{04EF8D93-523D-4270-85CB-9E341A453825}.Release|Win32.ActiveCfg = Release|Win32
		{04EF8D93-523D-4270-85CB-9E341A453825}.Release|Win32.Build.0 = Release|Win32
		{25750B19-1BF6-476E-887F-1E27464F1183}.Debug|Win32.ActiveCfg = Debug|Win32
		{25750B19-1BF6-476E-887F-1E27464F1183}.Debug|Win32.Build.0 = Debug|Win32
		{25750B19-1BF6-476E-887F-1E27464F1183}.Release|Win32.ActiveCfg = Release|Win32
		{25750B19-1BF6-476E-887F-1E27464F1183}.Release|Win32.Build.0 = Release|Win32
	EndGlobalSection
	GlobalSection(SolutionProperties) = preSolution
		HideSolutionNode = FALSE
	EndGlobalSection
EndGlobal
